
Microsoft Visual Studio Solution File, Format Version 12.00
# Visual Studio Version 17
VisualStudioVersion = 17.3.32922.545
MinimumVisualStudioVersion = 10.0.40219.1
Project("{9A19103F-16F7-4668-BE54-9A1E7A4F7556}") = "manager-properties-usa", "manager-properties-usa\manager-properties-usa.csproj", "{C2A03F2D-AA6C-412E-B738-8EDD858B06F6}"
EndProject
Project("{FAE04EC0-301F-11D3-BF4B-00C04F79EFBC}") = "manager-properties-usa-test", "manager-properties-usa-test\manager-properties-usa-test.csproj", "{DB6EF354-FD74-4ECB-966A-2058CD73D344}"
EndProject
Global
	GlobalSection(SolutionConfigurationPlatforms) = preSolution
		Debug|Any CPU = Debug|Any CPU
		Release|Any CPU = Release|Any CPU
	EndGlobalSection
	GlobalSection(ProjectConfigurationPlatforms) = postSolution
		{C2A03F2D-AA6C-412E-B738-8EDD858B06F6}.Debug|Any CPU.ActiveCfg = Debug|Any CPU
		{C2A03F2D-AA6C-412E-B738-8EDD858B06F6}.Debug|Any CPU.Build.0 = Debug|Any CPU
		{C2A03F2D-AA6C-412E-B738-8EDD858B06F6}.Release|Any CPU.ActiveCfg = Release|Any CPU
		{C2A03F2D-AA6C-412E-B738-8EDD858B06F6}.Release|Any CPU.Build.0 = Release|Any CPU
		{DB6EF354-FD74-4ECB-966A-2058CD73D344}.Debug|Any CPU.ActiveCfg = Debug|Any CPU
		{DB6EF354-FD74-4ECB-966A-2058CD73D344}.Debug|Any CPU.Build.0 = Debug|Any CPU
		{DB6EF354-FD74-4ECB-966A-2058CD73D344}.Release|Any CPU.ActiveCfg = Release|Any CPU
		{DB6EF354-FD74-4ECB-966A-2058CD73D344}.Release|Any CPU.Build.0 = Release|Any CPU
	EndGlobalSection
	GlobalSection(SolutionProperties) = preSolution
		HideSolutionNode = FALSE
	EndGlobalSection
	GlobalSection(ExtensibilityGlobals) = postSolution
		SolutionGuid = {8D482EF3-D3E5-436D-A18B-07D7ADFCE27A}
	EndGlobalSection
EndGlobal
